
Microsoft Visual Studio Solution File, Format Version 12.00
# Visual Studio Version 17
VisualStudioVersion = 17.14.36811.4 d17.14
MinimumVisualStudioVersion = 10.0.40219.1
Project("{FAE04EC0-301F-11D3-BF4B-00C04F79EFBC}") = "Game", "Game\Game.csproj", "{12CED66B-58C5-4ED8-84B1-93F72103D999}"
EndProject
Global
	GlobalSection(SolutionConfigurationPlatforms) = preSolution
		Debug|Any CPU = Debug|Any CPU
		Release|Any CPU = Release|Any CPU
	EndGlobalSection
	GlobalSection(ProjectConfigurationPlatforms) = postSolution
		{12CED66B-58C5-4ED8-84B1-93F72103D999}.Debug|Any CPU.ActiveCfg = Debug|Any CPU
		{12CED66B-58C5-4ED8-84B1-93F72103D999}.Debug|Any CPU.Build.0 = Debug|Any CPU
		{12CED66B-58C5-4ED8-84B1-93F72103D999}.Release|Any CPU.ActiveCfg = Release|Any CPU
		{12CED66B-58C5-4ED8-84B1-93F72103D999}.Release|Any CPU.Build.0 = Release|Any CPU
	EndGlobalSection
	GlobalSection(SolutionProperties) = preSolution
		HideSolutionNode = FALSE
	EndGlobalSection
	GlobalSection(ExtensibilityGlobals) = postSolution
		SolutionGuid = {0672281B-62F1-40C2-9364-190F3A2C390F}
	EndGlobalSection
EndGlobal
